<?xml version="1.0" encoding="utf-8" standalone="yes"?>
<Project ToolsVersion="4.0" xmlns="http://schemas.microsoft.com/developer/msbuild/2003">
  <ItemGroup>
    <Filter Include="headers">
      <UniqueIdentifier>{d1be3a8b-1711-41db-8e30-45f2371112aa}</UniqueIdentifier>
    </Filter>
    <Filter Include="sources">
      <UniqueIdentifier>{187dffe6-add7-431c-bbf6-eb8d7c9b8f1e}</UniqueIdentifier>
    </Filter>
  </ItemGroup>
  <ItemGroup>
    <ClCompile Include="sources\main.cpp">
      <Filter>sources</Filter>
    </ClCompile>
    <ClCompile Include="sources\dummyplugin.cpp">
      <Filter>sources</Filter>
    </ClCompile>
  </ItemGroup>
  <ItemGroup>
    <ClInclude Include="headers\main.h">
      <Filter>headers</Filter>
    </ClInclude>
    <ClInclude Include="headers\dummyplugin.h">
      <Filter>headers</Filter>
    </ClInclude>
  </ItemGroup>
</Project>